
Microsoft Visual Studio Solution File, Format Version 12.00
# Visual Studio 15
VisualStudioVersion = 15.0.28307.1927
MinimumVisualStudioVersion = 10.0.40219.1
Project("{FAE04EC0-301F-11D3-BF4B-00C04F79EFBC}") = "APP_CS_OKCASA_G7", "APP_CS_OKCASA_G7\APP_CS_OKCASA_G7.csproj", "{506A56BD-6848-4726-91DC-83C1E8557B7D}"
EndProject
Project("{FAE04EC0-301F-11D3-BF4B-00C04F79EFBC}") = "BIBLIOTECA_NEGOCIO", "BIBLIOTECA_NEGOCIO\BIBLIOTECA_NEGOCIO.csproj", "{4FFC042E-A9C4-4525-872E-4C55AF62C422}"
EndProject
Project("{FAE04EC0-301F-11D3-BF4B-00C04F79EFBC}") = "INSPECCION_NEGOCIO", "INSPECCION_NEGOCIO\INSPECCION_NEGOCIO.csproj", "{6E4D2967-411A-4BAD-A888-FF553459E107}"
EndProject
Project("{FAE04EC0-301F-11D3-BF4B-00C04F79EFBC}") = "LISTAPAGOS_NEGOCIO", "LISTAPAGOS_NEGOCIO\LISTAPAGOS_NEGOCIO.csproj", "{7E9936FD-32B2-4481-A03F-1D2D49EC3B46}"
EndProject
Project("{FAE04EC0-301F-11D3-BF4B-00C04F79EFBC}") = "USUARIOS_NEGOCIO", "USUARIOS_NEGOCIO\USUARIOS_NEGOCIO.csproj", "{B2A1496B-513B-4984-9A85-AF81962B100C}"
EndProject
Project("{FAE04EC0-301F-11D3-BF4B-00C04F79EFBC}") = "SEGUIMIENTO_NEGOCIO", "SEGUIMIENTO_NEGOCIO\SEGUIMIENTO_NEGOCIO.csproj", "{8CBE6703-F3BF-469A-9701-7A1C018F4B58}"
EndProject
Project("{FAE04EC0-301F-11D3-BF4B-00C04F79EFBC}") = "HISTORIAL_NEGOCIO", "HISTORIAL_NEGOCIO\HISTORIAL_NEGOCIO.csproj", "{744EBE97-6E41-46B3-B163-492E2AD30553}"
EndProject
Global
	GlobalSection(SolutionConfigurationPlatforms) = preSolution
		Debug|Any CPU = Debug|Any CPU
		Release|Any CPU = Release|Any CPU
	EndGlobalSection
	GlobalSection(ProjectConfigurationPlatforms) = postSolution
		{506A56BD-6848-4726-91DC-83C1E8557B7D}.Debug|Any CPU.ActiveCfg = Debug|Any CPU
		{506A56BD-6848-4726-91DC-83C1E8557B7D}.Debug|Any CPU.Build.0 = Debug|Any CPU
		{506A56BD-6848-4726-91DC-83C1E8557B7D}.Release|Any CPU.ActiveCfg = Release|Any CPU
		{506A56BD-6848-4726-91DC-83C1E8557B7D}.Release|Any CPU.Build.0 = Release|Any CPU
		{4FFC042E-A9C4-4525-872E-4C55AF62C422}.Debug|Any CPU.ActiveCfg = Debug|Any CPU
		{4FFC042E-A9C4-4525-872E-4C55AF62C422}.Debug|Any CPU.Build.0 = Debug|Any CPU
		{4FFC042E-A9C4-4525-872E-4C55AF62C422}.Release|Any CPU.ActiveCfg = Release|Any CPU
		{4FFC042E-A9C4-4525-872E-4C55AF62C422}.Release|Any CPU.Build.0 = Release|Any CPU
		{6E4D2967-411A-4BAD-A888-FF553459E107}.Debug|Any CPU.ActiveCfg = Debug|Any CPU
		{6E4D2967-411A-4BAD-A888-FF553459E107}.Debug|Any CPU.Build.0 = Debug|Any CPU
		{6E4D2967-411A-4BAD-A888-FF553459E107}.Release|Any CPU.ActiveCfg = Release|Any CPU
		{6E4D2967-411A-4BAD-A888-FF553459E107}.Release|Any CPU.Build.0 = Release|Any CPU
		{7E9936FD-32B2-4481-A03F-1D2D49EC3B46}.Debug|Any CPU.ActiveCfg = Debug|Any CPU
		{7E9936FD-32B2-4481-A03F-1D2D49EC3B46}.Debug|Any CPU.Build.0 = Debug|Any CPU
		{7E9936FD-32B2-4481-A03F-1D2D49EC3B46}.Release|Any CPU.ActiveCfg = Release|Any CPU
		{7E9936FD-32B2-4481-A03F-1D2D49EC3B46}.Release|Any CPU.Build.0 = Release|Any CPU
		{B2A1496B-513B-4984-9A85-AF81962B100C}.Debug|Any CPU.ActiveCfg = Debug|Any CPU
		{B2A1496B-513B-4984-9A85-AF81962B100C}.Debug|Any CPU.Build.0 = Debug|Any CPU
		{B2A1496B-513B-4984-9A85-AF81962B100C}.Release|Any CPU.ActiveCfg = Release|Any CPU
		{B2A1496B-513B-4984-9A85-AF81962B100C}.Release|Any CPU.Build.0 = Release|Any CPU
		{8CBE6703-F3BF-469A-9701-7A1C018F4B58}.Debug|Any CPU.ActiveCfg = Debug|Any CPU
		{8CBE6703-F3BF-469A-9701-7A1C018F4B58}.Debug|Any CPU.Build.0 = Debug|Any CPU
		{8CBE6703-F3BF-469A-9701-7A1C018F4B58}.Release|Any CPU.ActiveCfg = Release|Any CPU
		{8CBE6703-F3BF-469A-9701-7A1C018F4B58}.Release|Any CPU.Build.0 = Release|Any CPU
		{744EBE97-6E41-46B3-B163-492E2AD30553}.Debug|Any CPU.ActiveCfg = Debug|Any CPU
		{744EBE97-6E41-46B3-B163-492E2AD30553}.Debug|Any CPU.Build.0 = Debug|Any CPU
		{744EBE97-6E41-46B3-B163-492E2AD30553}.Release|Any CPU.ActiveCfg = Release|Any CPU
		{744EBE97-6E41-46B3-B163-492E2AD30553}.Release|Any CPU.Build.0 = Release|Any CPU
	EndGlobalSection
	GlobalSection(SolutionProperties) = preSolution
		HideSolutionNode = FALSE
	EndGlobalSection
	GlobalSection(ExtensibilityGlobals) = postSolution
		SolutionGuid = {9E26961C-E441-4A19-BFA0-B450155C7AE2}
	EndGlobalSection
EndGlobal
